# @generated by Move, please check-in and do not edit manually.

[move]
version = 3
manifest_digest = "C514FC59CC4D3F788C6609C3B8AAEE8A30C3DFD583AE8A4C3E3187DDF08B8257"
deps_digest = "F8BBB0CCB2491CA29A3DF03D6F92277A4F3574266507ACD77214D37ECA3F3082"
dependencies = [
  { id = "Sui", name = "Sui" },
]

[[move.package]]
id = "MoveStdlib"
source = { git = "https://github.com/MystenLabs/sui.git", rev = "framework/testnet", subdir = "crates/sui-framework/packages/move-stdlib" }

[[move.package]]
id = "Sui"
source = { git = "https://github.com/MystenLabs/sui.git", rev = "framework/testnet", subdir = "crates/sui-framework/packages/sui-framework" }

dependencies = [
  { id = "MoveStdlib", name = "MoveStdlib" },
]

[move.toolchain-version]
compiler-version = "1.57.0"
edition = "2024.beta"
flavor = "sui"

[env]

[env.testnet]
chain-id = "4c78adac"
original-published-id = "0x3fc2cdf2a6e45e710d1a074c7c2488671c23159df01d547a1fa43126846de1c0"
latest-published-id = "0x3fc2cdf2a6e45e710d1a074c7c2488671c23159df01d547a1fa43126846de1c0"
published-version = "1"
